// !$*UTF8*$!
{
	archiveVersion = 1;
	classes = {
	};
	objectVersion = 46;
	objects = {

/* Begin PBXBuildFile section */
		1BC4C459187F9A8200433226 /* Foundation.framework in Frameworks */ = {isa = PBXBuildFile; fileRef = 1BC4C458187F9A8200433226 /* Foundation.framework */; };
		1BC4C45B187F9A8200433226 /* CoreGraphics.framework in Frameworks */ = {isa = PBXBuildFile; fileRef = 1BC4C45A187F9A8200433226 /* CoreGraphics.framework */; };
		1BC4C45D187F9A8200433226 /* UIKit.framework in Frameworks */ = {isa = PBXBuildFile; fileRef = 1BC4C45C187F9A8200433226 /* UIKit.framework */; };
		1BC4C463187F9A8200433226 /* InfoPlist.strings in Resources */ = {isa = PBXBuildFile; fileRef = 1BC4C461187F9A8200433226 /* InfoPlist.strings */; };
		1BC4C465187F9A8200433226 /* main.m in Sources */ = {isa = PBXBuildFile; fileRef = 1BC4C464187F9A8200433226 /* main.m */; };
		1BC4C469187F9A8200433226 /* LMAppDelegate.m in Sources */ = {isa = PBXBuildFile; fileRef = 1BC4C468187F9A8200433226 /* LMAppDelegate.m */; };
		1BC4C46B187F9A8200433226 /* Images.xcassets in Resources */ = {isa = PBXBuildFile; fileRef = 1BC4C46A187F9A8200433226 /* Images.xcassets */; };
		1BC4C472187F9A8200433226 /* XCTest.framework in Frameworks */ = {isa = PBXBuildFile; fileRef = 1BC4C471187F9A8200433226 /* XCTest.framework */; };
		1BC4C473187F9A8200433226 /* Foundation.framework in Frameworks */ = {isa = PBXBuildFile; fileRef = 1BC4C458187F9A8200433226 /* Foundation.framework */; };
		1BC4C474187F9A8200433226 /* UIKit.framework in Frameworks */ = {isa = PBXBuildFile; fileRef = 1BC4C45C187F9A8200433226 /* UIKit.framework */; };
		1BC4C47C187F9A8200433226 /* InfoPlist.strings in Resources */ = {isa = PBXBuildFile; fileRef = 1BC4C47A187F9A8200433226 /* InfoPlist.strings */; };
		1BC4C47E187F9A8200433226 /* LMObjCUtilsTests.m in Sources */ = {isa = PBXBuildFile; fileRef = 1BC4C47D187F9A8200433226 /* LMObjCUtilsTests.m */; };
/* End PBXBuildFile section */

/* Begin PBXContainerItemProxy section */
		1BC4C475187F9A8200433226 /* PBXContainerItemProxy */ = {
			isa = PBXContainerItemProxy;
			containerPortal = 1BC4C44D187F9A8200433226 /* Project object */;
			proxyType = 1;
			remoteGlobalIDString = 1BC4C454187F9A8200433226;
			remoteInfo = LMObjCUtils;
		};
/* End PBXContainerItemProxy section */

/* Begin PBXFileReference section */
		1BC4C455187F9A8200433226 /* LMObjCUtils.app */ = {isa = PBXFileReference; explicitFileType = wrapper.application; includeInIndex = 0; path = LMObjCUtils.app; sourceTree = BUILT_PRODUCTS_DIR; };
		1BC4C458187F9A8200433226 /* Foundation.framework */ = {isa = PBXFileReference; lastKnownFileType = wrapper.framework; name = Foundation.framework; path = System/Library/Frameworks/Foundation.framework; sourceTree = SDKROOT; };
		1BC4C45A187F9A8200433226 /* CoreGraphics.framework */ = {isa = PBXFileReference; lastKnownFileType = wrapper.framework; name = CoreGraphics.framework; path = System/Library/Frameworks/CoreGraphics.framework; sourceTree = SDKROOT; };
		1BC4C45C187F9A8200433226 /* UIKit.framework */ = {isa = PBXFileReference; lastKnownFileType = wrapper.framework; name = UIKit.framework; path = System/Library/Frameworks/UIKit.framework; sourceTree = SDKROOT; };
		1BC4C460187F9A8200433226 /* LMObjCUtils-Info.plist */ = {isa = PBXFileReference; lastKnownFileType = text.plist.xml; path = "LMObjCUtils-Info.plist"; sourceTree = "<group>"; };
		1BC4C462187F9A8200433226 /* en */ = {isa = PBXFileReference; lastKnownFileType = text.plist.strings; name = en; path = en.lproj/InfoPlist.strings; sourceTree = "<group>"; };
		1BC4C464187F9A8200433226 /* main.m */ = {isa = PBXFileReference; lastKnownFileType = sourcecode.c.objc; path = main.m; sourceTree = "<group>"; };
		1BC4C466187F9A8200433226 /* LMObjCUtils-Prefix.pch */ = {isa = PBXFileReference; lastKnownFileType = sourcecode.c.h; path = "LMObjCUtils-Prefix.pch"; sourceTree = "<group>"; };
		1BC4C467187F9A8200433226 /* LMAppDelegate.h */ = {isa = PBXFileReference; lastKnownFileType = sourcecode.c.h; path = LMAppDelegate.h; sourceTree = "<group>"; };
		1BC4C468187F9A8200433226 /* LMAppDelegate.m */ = {isa = PBXFileReference; lastKnownFileType = sourcecode.c.objc; path = LMAppDelegate.m; sourceTree = "<group>"; };
		1BC4C46A187F9A8200433226 /* Images.xcassets */ = {isa = PBXFileReference; lastKnownFileType = folder.assetcatalog; path = Images.xcassets; sourceTree = "<group>"; };
		1BC4C470187F9A8200433226 /* LMObjCUtilsTests.xctest */ = {isa = PBXFileReference; explicitFileType = wrapper.cfbundle; includeInIndex = 0; path = LMObjCUtilsTests.xctest; sourceTree = BUILT_PRODUCTS_DIR; };
		1BC4C471187F9A8200433226 /* XCTest.framework */ = {isa = PBXFileReference; lastKnownFileType = wrapper.framework; name = XCTest.framework; path = Library/Frameworks/XCTest.framework; sourceTree = DEVELOPER_DIR; };
		1BC4C479187F9A8200433226 /* LMObjCUtilsTests-Info.plist */ = {isa = PBXFileReference; lastKnownFileType = text.plist.xml; path = "LMObjCUtilsTests-Info.plist"; sourceTree = "<group>"; };
		1BC4C47B187F9A8200433226 /* en */ = {isa = PBXFileReference; lastKnownFileType = text.plist.strings; name = en; path = en.lproj/InfoPlist.strings; sourceTree = "<group>"; };
		1BC4C47D187F9A8200433226 /* LMObjCUtilsTests.m */ = {isa = PBXFileReference; lastKnownFileType = sourcecode.c.objc; path = LMObjCUtilsTests.m; sourceTree = "<group>"; };
/* End PBXFileReference section */

/* Begin PBXFrameworksBuildPhase section */
		1BC4C452187F9A8200433226 /* Frameworks */ = {
			isa = PBXFrameworksBuildPhase;
			buildActionMask = 2147483647;
			files = (
				1BC4C45B187F9A8200433226 /* CoreGraphics.framework in Frameworks */,
				1BC4C45D187F9A8200433226 /* UIKit.framework in Frameworks */,
				1BC4C459187F9A8200433226 /* Foundation.framework in Frameworks */,
			);
			runOnlyForDeploymentPostprocessing = 0;
		};
		1BC4C46D187F9A8200433226 /* Frameworks */ = {
			isa = PBXFrameworksBuildPhase;
			buildActionMask = 2147483647;
			files = (
				1BC4C472187F9A8200433226 /* XCTest.framework in Frameworks */,
				1BC4C474187F9A8200433226 /* UIKit.framework in Frameworks */,
				1BC4C473187F9A8200433226 /* Foundation.framework in Frameworks */,
			);
			runOnlyForDeploymentPostprocessing = 0;
		};
/* End PBXFrameworksBuildPhase section */

/* Begin PBXGroup section */
		1BC4C44C187F9A8200433226 = {
			isa = PBXGroup;
			children = (
				1BC4C45E187F9A8200433226 /* LMObjCUtils */,
				1BC4C477187F9A8200433226 /* LMObjCUtilsTests */,
				1BC4C457187F9A8200433226 /* Frameworks */,
				1BC4C456187F9A8200433226 /* Products */,
			);
			sourceTree = "<group>";
		};
		1BC4C456187F9A8200433226 /* Products */ = {
			isa = PBXGroup;
			children = (
				1BC4C455187F9A8200433226 /* LMObjCUtils.app */,
				1BC4C470187F9A8200433226 /* LMObjCUtilsTests.xctest */,
			);
			name = Products;
			sourceTree = "<group>";
		};
		1BC4C457187F9A8200433226 /* Frameworks */ = {
			isa = PBXGroup;
			children = (
				1BC4C458187F9A8200433226 /* Foundation.framework */,
				1BC4C45A187F9A8200433226 /* CoreGraphics.framework */,
				1BC4C45C187F9A8200433226 /* UIKit.framework */,
				1BC4C471187F9A8200433226 /* XCTest.framework */,
			);
			name = Frameworks;
			sourceTree = "<group>";
		};
		1BC4C45E187F9A8200433226 /* LMObjCUtils */ = {
			isa = PBXGroup;
			children = (
				1BC4C467187F9A8200433226 /* LMAppDelegate.h */,
				1BC4C468187F9A8200433226 /* LMAppDelegate.m */,
				1BC4C46A187F9A8200433226 /* Images.xcassets */,
				1BC4C45F187F9A8200433226 /* Supporting Files */,
			);
			path = LMObjCUtils;
			sourceTree = "<group>";
		};
		1BC4C45F187F9A8200433226 /* Supporting Files */ = {
			isa = PBXGroup;
			children = (
				1BC4C460187F9A8200433226 /* LMObjCUtils-Info.plist */,
				1BC4C461187F9A8200433226 /* InfoPlist.strings */,
				1BC4C464187F9A8200433226 /* main.m */,
				1BC4C466187F9A8200433226 /* LMObjCUtils-Prefix.pch */,
			);
			name = "Supporting Files";
			sourceTree = "<group>";
		};
		1BC4C477187F9A8200433226 /* LMObjCUtilsTests */ = {
			isa = PBXGroup;
			children = (
				1BC4C47D187F9A8200433226 /* LMObjCUtilsTests.m */,
				1BC4C478187F9A8200433226 /* Supporting Files */,
			);
			path = LMObjCUtilsTests;
			sourceTree = "<group>";
		};
		1BC4C478187F9A8200433226 /* Supporting Files */ = {
			isa = PBXGroup;
			children = (
				1BC4C479187F9A8200433226 /* LMObjCUtilsTests-Info.plist */,
				1BC4C47A187F9A8200433226 /* InfoPlist.strings */,
			);
			name = "Supporting Files";
			sourceTree = "<group>";
		};
/* End PBXGroup section */

/* Begin PBXNativeTarget section */
		1BC4C454187F9A8200433226 /* LMObjCUtils */ = {
			isa = PBXNativeTarget;
			buildConfigurationList = 1BC4C481187F9A8200433226 /* Build configuration list for PBXNativeTarget "LMObjCUtils" */;
			buildPhases = (
				1BC4C451187F9A8200433226 /* Sources */,
				1BC4C452187F9A8200433226 /* Frameworks */,
				1BC4C453187F9A8200433226 /* Resources */,
			);
			buildRules = (
			);
			dependencies = (
			);
			name = LMObjCUtils;
			productName = LMObjCUtils;
			productReference = 1BC4C455187F9A8200433226 /* LMObjCUtils.app */;
			productType = "com.apple.product-type.application";
		};
		1BC4C46F187F9A8200433226 /* LMObjCUtilsTests */ = {
			isa = PBXNativeTarget;
			buildConfigurationList = 1BC4C484187F9A8200433226 /* Build configuration list for PBXNativeTarget "LMObjCUtilsTests" */;
			buildPhases = (
				1BC4C46C187F9A8200433226 /* Sources */,
				1BC4C46D187F9A8200433226 /* Frameworks */,
				1BC4C46E187F9A8200433226 /* Resources */,
			);
			buildRules = (
			);
			dependencies = (
				1BC4C476187F9A8200433226 /* PBXTargetDependency */,
			);
			name = LMObjCUtilsTests;
			productName = LMObjCUtilsTests;
			productReference = 1BC4C470187F9A8200433226 /* LMObjCUtilsTests.xctest */;
			productType = "com.apple.product-type.bundle.unit-test";
		};
/* End PBXNativeTarget section */

/* Begin PBXProject section */
		1BC4C44D187F9A8200433226 /* Project object */ = {
			isa = PBXProject;
			attributes = {
				CLASSPREFIX = LM;
				LastUpgradeCheck = 0500;
				ORGANIZATIONNAME = "LightMedium, LLC";
				TargetAttributes = {
					1BC4C46F187F9A8200433226 = {
						TestTargetID = 1BC4C454187F9A8200433226;
					};
				};
			};
			buildConfigurationList = 1BC4C450187F9A8200433226 /* Build configuration list for PBXProject "LMObjCUtils" */;
			compatibilityVersion = "Xcode 3.2";
			developmentRegion = English;
			hasScannedForEncodings = 0;
			knownRegions = (
				en,
			);
			mainGroup = 1BC4C44C187F9A8200433226;
			productRefGroup = 1BC4C456187F9A8200433226 /* Products */;
			projectDirPath = "";
			projectRoot = "";
			targets = (
				1BC4C454187F9A8200433226 /* LMObjCUtils */,
				1BC4C46F187F9A8200433226 /* LMObjCUtilsTests */,
			);
		};
/* End PBXProject section */

/* Begin PBXResourcesBuildPhase section */
		1BC4C453187F9A8200433226 /* Resources */ = {
			isa = PBXResourcesBuildPhase;
			buildActionMask = 2147483647;
			files = (
				1BC4C463187F9A8200433226 /* InfoPlist.strings in Resources */,
				1BC4C46B187F9A8200433226 /* Images.xcassets in Resources */,
			);
			runOnlyForDeploymentPostprocessing = 0;
		};
		1BC4C46E187F9A8200433226 /* Resources */ = {
			isa = PBXResourcesBuildPhase;
			buildActionMask = 2147483647;
			files = (
				1BC4C47C187F9A8200433226 /* InfoPlist.strings in Resources */,
			);
			runOnlyForDeploymentPostprocessing = 0;
		};
/* End PBXResourcesBuildPhase section */

/* Begin PBXSourcesBuildPhase section */
		1BC4C451187F9A8200433226 /* Sources */ = {
			isa = PBXSourcesBuildPhase;
			buildActionMask = 2147483647;
			files = (
				1BC4C465187F9A8200433226 /* main.m in Sources */,
				1BC4C469187F9A8200433226 /* LMAppDelegate.m in Sources */,
			);
			runOnlyForDeploymentPostprocessing = 0;
		};
		1BC4C46C187F9A8200433226 /* Sources */ = {
			isa = PBXSourcesBuildPhase;
			buildActionMask = 2147483647;
			files = (
				1BC4C47E187F9A8200433226 /* LMObjCUtilsTests.m in Sources */,
			);
			runOnlyForDeploymentPostprocessing = 0;
		};
/* End PBXSourcesBuildPhase section */

/* Begin PBXTargetDependency section */
		1BC4C476187F9A8200433226 /* PBXTargetDependency */ = {
			isa = PBXTargetDependency;
			target = 1BC4C454187F9A8200433226 /* LMObjCUtils */;
			targetProxy = 1BC4C475187F9A8200433226 /* PBXContainerItemProxy */;
		};
/* End PBXTargetDependency section */

/* Begin PBXVariantGroup section */
		1BC4C461187F9A8200433226 /* InfoPlist.strings */ = {
			isa = PBXVariantGroup;
			children = (
				1BC4C462187F9A8200433226 /* en */,
			);
			name = InfoPlist.strings;
			sourceTree = "<group>";
		};
		1BC4C47A187F9A8200433226 /* InfoPlist.strings */ = {
			isa = PBXVariantGroup;
			children = (
				1BC4C47B187F9A8200433226 /* en */,
			);
			name = InfoPlist.strings;
			sourceTree = "<group>";
		};
/* End PBXVariantGroup section */

/* Begin XCBuildConfiguration section */
		1BC4C47F187F9A8200433226 /* Debug */ = {
			isa = XCBuildConfiguration;
			buildSettings = {
				ALWAYS_SEARCH_USER_PATHS = NO;
				ARCHS = "$(ARCHS_STANDARD_INCLUDING_64_BIT)";
				CLANG_CXX_LANGUAGE_STANDARD = "gnu++0x";
				CLANG_CXX_LIBRARY = "libc++";
				CLANG_ENABLE_MODULES = YES;
				CLANG_ENABLE_OBJC_ARC = YES;
				CLANG_WARN_BOOL_CONVERSION = YES;
				CLANG_WARN_CONSTANT_CONVERSION = YES;
				CLANG_WARN_DIRECT_OBJC_ISA_USAGE = YES_ERROR;
				CLANG_WARN_EMPTY_BODY = YES;
				CLANG_WARN_ENUM_CONVERSION = YES;
				CLANG_WARN_INT_CONVERSION = YES;
				CLANG_WARN_OBJC_ROOT_CLASS = YES_ERROR;
				CLANG_WARN__DUPLICATE_METHOD_MATCH = YES;
				"CODE_SIGN_IDENTITY[sdk=iphoneos*]" = "iPhone Developer";
				COPY_PHASE_STRIP = NO;
				GCC_C_LANGUAGE_STANDARD = gnu99;
				GCC_DYNAMIC_NO_PIC = NO;
				GCC_OPTIMIZATION_LEVEL = 0;
				GCC_PREPROCESSOR_DEFINITIONS = (
					"DEBUG=1",
					"$(inherited)",
				);
				GCC_SYMBOLS_PRIVATE_EXTERN = NO;
				GCC_WARN_64_TO_32_BIT_CONVERSION = YES;
				GCC_WARN_ABOUT_RETURN_TYPE = YES_ERROR;
				GCC_WARN_UNDECLARED_SELECTOR = YES;
				GCC_WARN_UNINITIALIZED_AUTOS = YES;
				GCC_WARN_UNUSED_FUNCTION = YES;
				GCC_WARN_UNUSED_VARIABLE = YES;
				IPHONEOS_DEPLOYMENT_TARGET = 7.0;
				ONLY_ACTIVE_ARCH = YES;
				SDKROOT = iphoneos;
			};
			name = Debug;
		};
		1BC4C480187F9A8200433226 /* Release */ = {
			isa = XCBuildConfiguration;
			buildSettings = {
				ALWAYS_SEARCH_USER_PATHS = NO;
				ARCHS = "$(ARCHS_STANDARD_INCLUDING_64_BIT)";
				CLANG_CXX_LANGUAGE_STANDARD = "gnu++0x";
				CLANG_CXX_LIBRARY = "libc++";
				CLANG_ENABLE_MODULES = YES;
				CLANG_ENABLE_OBJC_ARC = YES;
				CLANG_WARN_BOOL_CONVERSION = YES;
				CLANG_WARN_CONSTANT_CONVERSION = YES;
				CLANG_WARN_DIRECT_OBJC_ISA_USAGE = YES_ERROR;
				CLANG_WARN_EMPTY_BODY = YES;
				CLANG_WARN_ENUM_CONVERSION = YES;
				CLANG_WARN_INT_CONVERSION = YES;
				CLANG_WARN_OBJC_ROOT_CLASS = YES_ERROR;
				CLANG_WARN__DUPLICATE_METHOD_MATCH = YES;
				"CODE_SIGN_IDENTITY[sdk=iphoneos*]" = "iPhone Developer";
				COPY_PHASE_STRIP = YES;
				ENABLE_NS_ASSERTIONS = NO;
				GCC_C_LANGUAGE_STANDARD = gnu99;
				GCC_WARN_64_TO_32_BIT_CONVERSION = YES;
				GCC_WARN_ABOUT_RETURN_TYPE = YES_ERROR;
				GCC_WARN_UNDECLARED_SELECTOR = YES;
				GCC_WARN_UNINITIALIZED_AUTOS = YES;
				GCC_WARN_UNUSED_FUNCTION = YES;
				GCC_WARN_UNUSED_VARIABLE = YES;
				IPHONEOS_DEPLOYMENT_TARGET = 7.0;
				SDKROOT = iphoneos;
				VALIDATE_PRODUCT = YES;
			};
			name = Release;
		};
		1BC4C482187F9A8200433226 /* Debug */ = {
			isa = XCBuildConfiguration;
			buildSettings = {
				ASSETCATALOG_COMPILER_APPICON_NAME = AppIcon;
				ASSETCATALOG_COMPILER_LAUNCHIMAGE_NAME = LaunchImage;
				GCC_PRECOMPILE_PREFIX_HEADER = YES;
				GCC_PREFIX_HEADER = "LMObjCUtils/LMObjCUtils-Prefix.pch";
				INFOPLIST_FILE = "LMObjCUtils/LMObjCUtils-Info.plist";
				PRODUCT_NAME = "$(TARGET_NAME)";
				WRAPPER_EXTENSION = app;
			};
			name = Debug;
		};
		1BC4C483187F9A8200433226 /* Release */ = {
			isa = XCBuildConfiguration;
			buildSettings = {
				ASSETCATALOG_COMPILER_APPICON_NAME = AppIcon;
				ASSETCATALOG_COMPILER_LAUNCHIMAGE_NAME = LaunchImage;
				GCC_PRECOMPILE_PREFIX_HEADER = YES;
				GCC_PREFIX_HEADER = "LMObjCUtils/LMObjCUtils-Prefix.pch";
				INFOPLIST_FILE = "LMObjCUtils/LMObjCUtils-Info.plist";
				PRODUCT_NAME = "$(TARGET_NAME)";
				WRAPPER_EXTENSION = app;
			};
			name = Release;
		};
		1BC4C485187F9A8200433226 /* Debug */ = {
			isa = XCBuildConfiguration;
			buildSettings = {
				ARCHS = "$(ARCHS_STANDARD_INCLUDING_64_BIT)";
				BUNDLE_LOADER = "$(BUILT_PRODUCTS_DIR)/LMObjCUtils.app/LMObjCUtils";
				FRAMEWORK_SEARCH_PATHS = (
					"$(SDKROOT)/Developer/Library/Frameworks",
					"$(inherited)",
					"$(DEVELOPER_FRAMEWORKS_DIR)",
				);
				GCC_PRECOMPILE_PREFIX_HEADER = YES;
				GCC_PREFIX_HEADER = "LMObjCUtils/LMObjCUtils-Prefix.pch";
				GCC_PREPROCESSOR_DEFINITIONS = (
					"DEBUG=1",
					"$(inherited)",
				);
				INFOPLIST_FILE = "LMObjCUtilsTests/LMObjCUtilsTests-Info.plist";
				PRODUCT_NAME = "$(TARGET_NAME)";
				TEST_HOST = "$(BUNDLE_LOADER)";
				WRAPPER_EXTENSION = xctest;
			};
			name = Debug;
		};
		1BC4C486187F9A8200433226 /* Release */ = {
			isa = XCBuildConfiguration;
			buildSettings = {
				ARCHS = "$(ARCHS_STANDARD_INCLUDING_64_BIT)";
				BUNDLE_LOADER = "$(BUILT_PRODUCTS_DIR)/LMObjCUtils.app/LMObjCUtils";
				FRAMEWORK_SEARCH_PATHS = (
					"$(SDKROOT)/Developer/Library/Frameworks",
					"$(inherited)",
					"$(DEVELOPER_FRAMEWORKS_DIR)",
				);
				GCC_PRECOMPILE_PREFIX_HEADER = YES;
				GCC_PREFIX_HEADER = "LMObjCUtils/LMObjCUtils-Prefix.pch";
				INFOPLIST_FILE = "LMObjCUtilsTests/LMObjCUtilsTests-Info.plist";
				PRODUCT_NAME = "$(TARGET_NAME)";
				TEST_HOST = "$(BUNDLE_LOADER)";
				WRAPPER_EXTENSION = xctest;
			};
			name = Release;
		};
/* End XCBuildConfiguration section */

/* Begin XCConfigurationList section */
		1BC4C450187F9A8200433226 /* Build configuration list for PBXProject "LMObjCUtils" */ = {
			isa = XCConfigurationList;
			buildConfigurations = (
				1BC4C47F187F9A8200433226 /* Debug */,
				1BC4C480187F9A8200433226 /* Release */,
			);
			defaultConfigurationIsVisible = 0;
			defaultConfigurationName = Release;
		};
		1BC4C481187F9A8200433226 /* Build configuration list for PBXNativeTarget "LMObjCUtils" */ = {
			isa = XCConfigurationList;
			buildConfigurations = (
				1BC4C482187F9A8200433226 /* Debug */,
				1BC4C483187F9A8200433226 /* Release */,
			);
			defaultConfigurationIsVisible = 0;
		};
		1BC4C484187F9A8200433226 /* Build configuration list for PBXNativeTarget "LMObjCUtilsTests" */ = {
			isa = XCConfigurationList;
			buildConfigurations = (
				1BC4C485187F9A8200433226 /* Debug */,
				1BC4C486187F9A8200433226 /* Release */,
			);
			defaultConfigurationIsVisible = 0;
		};
/* End XCConfigurationList section */
	};
	rootObject = 1BC4C44D187F9A8200433226 /* Project object */;
}
